
Microsoft Visual Studio Solution File, Format Version 12.00
# Visual Studio Version 17
VisualStudioVersion = 17.9.34616.47
MinimumVisualStudioVersion = 10.0.40219.1
Project("{9A19103F-16F7-4668-BE54-9A1E7A4F7556}") = "TestDemo", "TestDemo\TestDemo.csproj", "{4E110516-C76C-4283-892C-FBF92517691E}"
EndProject
Project("{9A19103F-16F7-4668-BE54-9A1E7A4F7556}") = "MVCatalog", "MVCatalog\MVCatalog.csproj", "{935241CA-C274-49A5-805A-D35E06A3728D}"
EndProject
Global
	GlobalSection(SolutionConfigurationPlatforms) = preSolution
		Debug|Any CPU = Debug|Any CPU
		Release|Any CPU = Release|Any CPU
	EndGlobalSection
	GlobalSection(ProjectConfigurationPlatforms) = postSolution
		{4E110516-C76C-4283-892C-FBF92517691E}.Debug|Any CPU.ActiveCfg = Debug|Any CPU
		{4E110516-C76C-4283-892C-FBF92517691E}.Debug|Any CPU.Build.0 = Debug|Any CPU
		{4E110516-C76C-4283-892C-FBF92517691E}.Release|Any CPU.ActiveCfg = Release|Any CPU
		{4E110516-C76C-4283-892C-FBF92517691E}.Release|Any CPU.Build.0 = Release|Any CPU
		{935241CA-C274-49A5-805A-D35E06A3728D}.Debug|Any CPU.ActiveCfg = Debug|Any CPU
		{935241CA-C274-49A5-805A-D35E06A3728D}.Debug|Any CPU.Build.0 = Debug|Any CPU
		{935241CA-C274-49A5-805A-D35E06A3728D}.Release|Any CPU.ActiveCfg = Release|Any CPU
		{935241CA-C274-49A5-805A-D35E06A3728D}.Release|Any CPU.Build.0 = Release|Any CPU
	EndGlobalSection
	GlobalSection(SolutionProperties) = preSolution
		HideSolutionNode = FALSE
	EndGlobalSection
	GlobalSection(ExtensibilityGlobals) = postSolution
		SolutionGuid = {DDC51334-DE40-4FC0-B6B0-7D565522CAC8}
	EndGlobalSection
EndGlobal
